
Microsoft Visual Studio Solution File, Format Version 12.00
# Visual Studio Version 16
VisualStudioVersion = 16.0.31025.194
MinimumVisualStudioVersion = 10.0.40219.1
Project("{FAE04EC0-301F-11D3-BF4B-00C04F79EFBC}") = "MyHealth.FileValidator.Activity", "MyHealth.FileValidator.Activity\MyHealth.FileValidator.Activity.csproj", "{6900481D-6AD7-49C3-A336-1F6495ABC9F1}"
EndProject
Project("{FAE04EC0-301F-11D3-BF4B-00C04F79EFBC}") = "MyHealth.FileValidator.Activity.UnitTests", "MyHealth.FileValidator.Activity.UnitTests\MyHealth.FileValidator.Activity.UnitTests.csproj", "{B77E91B9-2FAB-4F3E-B1FD-8F009E329845}"
EndProject
Global
	GlobalSection(SolutionConfigurationPlatforms) = preSolution
		Debug|Any CPU = Debug|Any CPU
		Release|Any CPU = Release|Any CPU
	EndGlobalSection
	GlobalSection(ProjectConfigurationPlatforms) = postSolution
		{6900481D-6AD7-49C3-A336-1F6495ABC9F1}.Debug|Any CPU.ActiveCfg = Debug|Any CPU
		{6900481D-6AD7-49C3-A336-1F6495ABC9F1}.Debug|Any CPU.Build.0 = Debug|Any CPU
		{6900481D-6AD7-49C3-A336-1F6495ABC9F1}.Release|Any CPU.ActiveCfg = Release|Any CPU
		{6900481D-6AD7-49C3-A336-1F6495ABC9F1}.Release|Any CPU.Build.0 = Release|Any CPU
		{B77E91B9-2FAB-4F3E-B1FD-8F009E329845}.Debug|Any CPU.ActiveCfg = Debug|Any CPU
		{B77E91B9-2FAB-4F3E-B1FD-8F009E329845}.Debug|Any CPU.Build.0 = Debug|Any CPU
		{B77E91B9-2FAB-4F3E-B1FD-8F009E329845}.Release|Any CPU.ActiveCfg = Release|Any CPU
		{B77E91B9-2FAB-4F3E-B1FD-8F009E329845}.Release|Any CPU.Build.0 = Release|Any CPU
	EndGlobalSection
	GlobalSection(SolutionProperties) = preSolution
		HideSolutionNode = FALSE
	EndGlobalSection
	GlobalSection(ExtensibilityGlobals) = postSolution
		SolutionGuid = {DD17AAB9-A15A-4225-A273-274E225140D9}
	EndGlobalSection
EndGlobal
